// !$*UTF8*$!
{
	archiveVersion = 1;
	classes = {
	};
	objectVersion = 48;
	objects = {

/* Begin PBXBuildFile section */
		A8C72011203A71BA00A438D8 /* AppDelegate.swift in Sources */ = {isa = PBXBuildFile; fileRef = A8C72010203A71BA00A438D8 /* AppDelegate.swift */; };
		A8C72013203A71BA00A438D8 /* ViewController.swift in Sources */ = {isa = PBXBuildFile; fileRef = A8C72012203A71BA00A438D8 /* ViewController.swift */; };
		A8C72016203A71BA00A438D8 /* Main.storyboard in Resources */ = {isa = PBXBuildFile; fileRef = A8C72014203A71BA00A438D8 /* Main.storyboard */; };
		A8C72018203A71BA00A438D8 /* Assets.xcassets in Resources */ = {isa = PBXBuildFile; fileRef = A8C72017203A71BA00A438D8 /* Assets.xcassets */; };
		A8C7201B203A71BB00A438D8 /* LaunchScreen.storyboard in Resources */ = {isa = PBXBuildFile; fileRef = A8C72019203A71BB00A438D8 /* LaunchScreen.storyboard */; };
		A8C72023203A729900A438D8 /* art.scnassets in Resources */ = {isa = PBXBuildFile; fileRef = A8C72022203A729900A438D8 /* art.scnassets */; };
/* End PBXBuildFile section */

/* Begin PBXFileReference section */
		A8C7200D203A71BA00A438D8 /* ARKit_workshop.app */ = {isa = PBXFileReference; explicitFileType = wrapper.application; includeInIndex = 0; path = ARKit_workshop.app; sourceTree = BUILT_PRODUCTS_DIR; };
		A8C72010203A71BA00A438D8 /* AppDelegate.swift */ = {isa = PBXFileReference; lastKnownFileType = sourcecode.swift; path = AppDelegate.swift; sourceTree = "<group>"; };
		A8C72012203A71BA00A438D8 /* ViewController.swift */ = {isa = PBXFileReference; lastKnownFileType = sourcecode.swift; path = ViewController.swift; sourceTree = "<group>"; };
		A8C72015203A71BA00A438D8 /* Base */ = {isa = PBXFileReference; lastKnownFileType = file.storyboard; name = Base; path = Base.lproj/Main.storyboard; sourceTree = "<group>"; };
		A8C72017203A71BA00A438D8 /* Assets.xcassets */ = {isa = PBXFileReference; lastKnownFileType = folder.assetcatalog; path = Assets.xcassets; sourceTree = "<group>"; };
		A8C7201A203A71BB00A438D8 /* Base */ = {isa = PBXFileReference; lastKnownFileType = file.storyboard; name = Base; path = Base.lproj/LaunchScreen.storyboard; sourceTree = "<group>"; };
		A8C7201C203A71BB00A438D8 /* Info.plist */ = {isa = PBXFileReference; lastKnownFileType = text.plist.xml; path = Info.plist; sourceTree = "<group>"; };
		A8C72022203A729900A438D8 /* art.scnassets */ = {isa = PBXFileReference; lastKnownFileType = wrapper.scnassets; path = art.scnassets; sourceTree = "<group>"; };
/* End PBXFileReference section */

/* Begin PBXFrameworksBuildPhase section */
		A8C7200A203A71BA00A438D8 /* Frameworks */ = {
			isa = PBXFrameworksBuildPhase;
			buildActionMask = 2147483647;
			files = (
			);
			runOnlyForDeploymentPostprocessing = 0;
		};
/* End PBXFrameworksBuildPhase section */

/* Begin PBXGroup section */
		A8C72004203A71BA00A438D8 = {
			isa = PBXGroup;
			children = (
				A8C7200F203A71BA00A438D8 /* ARKit_workshop */,
				A8C7200E203A71BA00A438D8 /* Products */,
			);
			sourceTree = "<group>";
		};
		A8C7200E203A71BA00A438D8 /* Products */ = {
			isa = PBXGroup;
			children = (
				A8C7200D203A71BA00A438D8 /* ARKit_workshop.app */,
			);
			name = Products;
			sourceTree = "<group>";
		};
		A8C7200F203A71BA00A438D8 /* ARKit_workshop */ = {
			isa = PBXGroup;
			children = (
				A8C72010203A71BA00A438D8 /* AppDelegate.swift */,
				A8C72012203A71BA00A438D8 /* ViewController.swift */,
				A8C72014203A71BA00A438D8 /* Main.storyboard */,
				A8C72017203A71BA00A438D8 /* Assets.xcassets */,
				A8C72019203A71BB00A438D8 /* LaunchScreen.storyboard */,
				A8C7201C203A71BB00A438D8 /* Info.plist */,
				A8C72022203A729900A438D8 /* art.scnassets */,
			);
			path = ARKit_workshop;
			sourceTree = "<group>";
		};
/* End PBXGroup section */

/* Begin PBXNativeTarget section */
		A8C7200C203A71BA00A438D8 /* ARKit_workshop */ = {
			isa = PBXNativeTarget;
			buildConfigurationList = A8C7201F203A71BB00A438D8 /* Build configuration list for PBXNativeTarget "ARKit_workshop" */;
			buildPhases = (
				A8C72009203A71BA00A438D8 /* Sources */,
				A8C7200A203A71BA00A438D8 /* Frameworks */,
				A8C7200B203A71BA00A438D8 /* Resources */,
			);
			buildRules = (
			);
			dependencies = (
			);
			name = ARKit_workshop;
			productName = ARKit_workshop;
			productReference = A8C7200D203A71BA00A438D8 /* ARKit_workshop.app */;
			productType = "com.apple.product-type.application";
		};
/* End PBXNativeTarget section */

/* Begin PBXProject section */
		A8C72005203A71BA00A438D8 /* Project object */ = {
			isa = PBXProject;
			attributes = {
				LastSwiftUpdateCheck = 0920;
				LastUpgradeCheck = 0920;
				ORGANIZATIONNAME = Forrest;
				TargetAttributes = {
					A8C7200C203A71BA00A438D8 = {
						CreatedOnToolsVersion = 9.2;
						ProvisioningStyle = Automatic;
					};
				};
			};
			buildConfigurationList = A8C72008203A71BA00A438D8 /* Build configuration list for PBXProject "ARKit_workshop" */;
			compatibilityVersion = "Xcode 8.0";
			developmentRegion = en;
			hasScannedForEncodings = 0;
			knownRegions = (
				en,
				Base,
			);
			mainGroup = A8C72004203A71BA00A438D8;
			productRefGroup = A8C7200E203A71BA00A438D8 /* Products */;
			projectDirPath = "";
			projectRoot = "";
			targets = (
				A8C7200C203A71BA00A438D8 /* ARKit_workshop */,
			);
		};
/* End PBXProject section */

/* Begin PBXResourcesBuildPhase section */
		A8C7200B203A71BA00A438D8 /* Resources */ = {
			isa = PBXResourcesBuildPhase;
			buildActionMask = 2147483647;
			files = (
				A8C7201B203A71BB00A438D8 /* LaunchScreen.storyboard in Resources */,
				A8C72023203A729900A438D8 /* art.scnassets in Resources */,
				A8C72018203A71BA00A438D8 /* Assets.xcassets in Resources */,
				A8C72016203A71BA00A438D8 /* Main.storyboard in Resources */,
			);
			runOnlyForDeploymentPostprocessing = 0;
		};
/* End PBXResourcesBuildPhase section */

/* Begin PBXSourcesBuildPhase section */
		A8C72009203A71BA00A438D8 /* Sources */ = {
			isa = PBXSourcesBuildPhase;
			buildActionMask = 2147483647;
			files = (
				A8C72013203A71BA00A438D8 /* ViewController.swift in Sources */,
				A8C72011203A71BA00A438D8 /* AppDelegate.swift in Sources */,
			);
			runOnlyForDeploymentPostprocessing = 0;
		};
/* End PBXSourcesBuildPhase section */

/* Begin PBXVariantGroup section */
		A8C72014203A71BA00A438D8 /* Main.storyboard */ = {
			isa = PBXVariantGroup;
			children = (
				A8C72015203A71BA00A438D8 /* Base */,
			);
			name = Main.storyboard;
			sourceTree = "<group>";
		};
		A8C72019203A71BB00A438D8 /* LaunchScreen.storyboard */ = {
			isa = PBXVariantGroup;
			children = (
				A8C7201A203A71BB00A438D8 /* Base */,
			);
			name = LaunchScreen.storyboard;
			sourceTree = "<group>";
		};
/* End PBXVariantGroup section */

/* Begin XCBuildConfiguration section */
		A8C7201D203A71BB00A438D8 /* Debug */ = {
			isa = XCBuildConfiguration;
			buildSettings = {
				ALWAYS_SEARCH_USER_PATHS = NO;
				CLANG_ANALYZER_NONNULL = YES;
				CLANG_ANALYZER_NUMBER_OBJECT_CONVERSION = YES_AGGRESSIVE;
				CLANG_CXX_LANGUAGE_STANDARD = "gnu++14";
				CLANG_CXX_LIBRARY = "libc++";
				CLANG_ENABLE_MODULES = YES;
				CLANG_ENABLE_OBJC_ARC = YES;
				CLANG_WARN_BLOCK_CAPTURE_AUTORELEASING = YES;
				CLANG_WARN_BOOL_CONVERSION = YES;
				CLANG_WARN_COMMA = YES;
				CLANG_WARN_CONSTANT_CONVERSION = YES;
				CLANG_WARN_DIRECT_OBJC_ISA_USAGE = YES_ERROR;
				CLANG_WARN_DOCUMENTATION_COMMENTS = YES;
				CLANG_WARN_EMPTY_BODY = YES;
				CLANG_WARN_ENUM_CONVERSION = YES;
				CLANG_WARN_INFINITE_RECURSION = YES;
				CLANG_WARN_INT_CONVERSION = YES;
				CLANG_WARN_NON_LITERAL_NULL_CONVERSION = YES;
				CLANG_WARN_OBJC_LITERAL_CONVERSION = YES;
				CLANG_WARN_OBJC_ROOT_CLASS = YES_ERROR;
				CLANG_WARN_RANGE_LOOP_ANALYSIS = YES;
				CLANG_WARN_STRICT_PROTOTYPES = YES;
				CLANG_WARN_SUSPICIOUS_MOVE = YES;
				CLANG_WARN_UNGUARDED_AVAILABILITY = YES_AGGRESSIVE;
				CLANG_WARN_UNREACHABLE_CODE = YES;
				CLANG_WARN__DUPLICATE_METHOD_MATCH = YES;
				CODE_SIGN_IDENTITY = "iPhone Developer";
				COPY_PHASE_STRIP = NO;
				DEBUG_INFORMATION_FORMAT = dwarf;
				ENABLE_STRICT_OBJC_MSGSEND = YES;
				ENABLE_TESTABILITY = YES;
				GCC_C_LANGUAGE_STANDARD = gnu11;
				GCC_DYNAMIC_NO_PIC = NO;
				GCC_NO_COMMON_BLOCKS = YES;
				GCC_OPTIMIZATION_LEVEL = 0;
				GCC_PREPROCESSOR_DEFINITIONS = (
					"DEBUG=1",
					"$(inherited)",
				);
				GCC_WARN_64_TO_32_BIT_CONVERSION = YES;
				GCC_WARN_ABOUT_RETURN_TYPE = YES_ERROR;
				GCC_WARN_UNDECLARED_SELECTOR = YES;
				GCC_WARN_UNINITIALIZED_AUTOS = YES_AGGRESSIVE;
				GCC_WARN_UNUSED_FUNCTION = YES;
				GCC_WARN_UNUSED_VARIABLE = YES;
				IPHONEOS_DEPLOYMENT_TARGET = 11.2;
				MTL_ENABLE_DEBUG_INFO = YES;
				ONLY_ACTIVE_ARCH = YES;
				SDKROOT = iphoneos;
				SWIFT_ACTIVE_COMPILATION_CONDITIONS = DEBUG;
				SWIFT_OPTIMIZATION_LEVEL = "-Onone";
			};
			name = Debug;
		};
		A8C7201E203A71BB00A438D8 /* Release */ = {
			isa = XCBuildConfiguration;
			buildSettings = {
				ALWAYS_SEARCH_USER_PATHS = NO;
				CLANG_ANALYZER_NONNULL = YES;
				CLANG_ANALYZER_NUMBER_OBJECT_CONVERSION = YES_AGGRESSIVE;
				CLANG_CXX_LANGUAGE_STANDARD = "gnu++14";
				CLANG_CXX_LIBRARY = "libc++";
				CLANG_ENABLE_MODULES = YES;
				CLANG_ENABLE_OBJC_ARC = YES;
				CLANG_WARN_BLOCK_CAPTURE_AUTORELEASING = YES;
				CLANG_WARN_BOOL_CONVERSION = YES;
				CLANG_WARN_COMMA = YES;
				CLANG_WARN_CONSTANT_CONVERSION = YES;
				CLANG_WARN_DIRECT_OBJC_ISA_USAGE = YES_ERROR;
				CLANG_WARN_DOCUMENTATION_COMMENTS = YES;
				CLANG_WARN_EMPTY_BODY = YES;
				CLANG_WARN_ENUM_CONVERSION = YES;
				CLANG_WARN_INFINITE_RECURSION = YES;
				CLANG_WARN_INT_CONVERSION = YES;
				CLANG_WARN_NON_LITERAL_NULL_CONVERSION = YES;
				CLANG_WARN_OBJC_LITERAL_CONVERSION = YES;
				CLANG_WARN_OBJC_ROOT_CLASS = YES_ERROR;
				CLANG_WARN_RANGE_LOOP_ANALYSIS = YES;
				CLANG_WARN_STRICT_PROTOTYPES = YES;
				CLANG_WARN_SUSPICIOUS_MOVE = YES;
				CLANG_WARN_UNGUARDED_AVAILABILITY = YES_AGGRESSIVE;
				CLANG_WARN_UNREACHABLE_CODE = YES;
				CLANG_WARN__DUPLICATE_METHOD_MATCH = YES;
				CODE_SIGN_IDENTITY = "iPhone Developer";
				COPY_PHASE_STRIP = NO;
				DEBUG_INFORMATION_FORMAT = "dwarf-with-dsym";
				ENABLE_NS_ASSERTIONS = NO;
				ENABLE_STRICT_OBJC_MSGSEND = YES;
				GCC_C_LANGUAGE_STANDARD = gnu11;
				GCC_NO_COMMON_BLOCKS = YES;
				GCC_WARN_64_TO_32_BIT_CONVERSION = YES;
				GCC_WARN_ABOUT_RETURN_TYPE = YES_ERROR;
				GCC_WARN_UNDECLARED_SELECTOR = YES;
				GCC_WARN_UNINITIALIZED_AUTOS = YES_AGGRESSIVE;
				GCC_WARN_UNUSED_FUNCTION = YES;
				GCC_WARN_UNUSED_VARIABLE = YES;
				IPHONEOS_DEPLOYMENT_TARGET = 11.2;
				MTL_ENABLE_DEBUG_INFO = NO;
				SDKROOT = iphoneos;
				SWIFT_OPTIMIZATION_LEVEL = "-Owholemodule";
				VALIDATE_PRODUCT = YES;
			};
			name = Release;
		};
		A8C72020203A71BB00A438D8 /* Debug */ = {
			isa = XCBuildConfiguration;
			buildSettings = {
				ASSETCATALOG_COMPILER_APPICON_NAME = AppIcon;
				CODE_SIGN_STYLE = Automatic;
				DEVELOPMENT_TEAM = 5HKN292LU8;
				INFOPLIST_FILE = ARKit_workshop/Info.plist;
				IPHONEOS_DEPLOYMENT_TARGET = 11.0;
				LD_RUNPATH_SEARCH_PATHS = "$(inherited) @executable_path/Frameworks";
				PRODUCT_BUNDLE_IDENTIFIER = com.yunyu.ARKitworkshop;
				PRODUCT_NAME = "$(TARGET_NAME)";
				SWIFT_VERSION = 4.0;
				TARGETED_DEVICE_FAMILY = "1,2";
			};
			name = Debug;
		};
		A8C72021203A71BB00A438D8 /* Release */ = {
			isa = XCBuildConfiguration;
			buildSettings = {
				ASSETCATALOG_COMPILER_APPICON_NAME = AppIcon;
				CODE_SIGN_STYLE = Automatic;
				DEVELOPMENT_TEAM = 5HKN292LU8;
				INFOPLIST_FILE = ARKit_workshop/Info.plist;
				IPHONEOS_DEPLOYMENT_TARGET = 11.0;
				LD_RUNPATH_SEARCH_PATHS = "$(inherited) @executable_path/Frameworks";
				PRODUCT_BUNDLE_IDENTIFIER = com.yunyu.ARKitworkshop;
				PRODUCT_NAME = "$(TARGET_NAME)";
				SWIFT_VERSION = 4.0;
				TARGETED_DEVICE_FAMILY = "1,2";
			};
			name = Release;
		};
/* End XCBuildConfiguration section */

/* Begin XCConfigurationList section */
		A8C72008203A71BA00A438D8 /* Build configuration list for PBXProject "ARKit_workshop" */ = {
			isa = XCConfigurationList;
			buildConfigurations = (
				A8C7201D203A71BB00A438D8 /* Debug */,
				A8C7201E203A71BB00A438D8 /* Release */,
			);
			defaultConfigurationIsVisible = 0;
			defaultConfigurationName = Release;
		};
		A8C7201F203A71BB00A438D8 /* Build configuration list for PBXNativeTarget "ARKit_workshop" */ = {
			isa = XCConfigurationList;
			buildConfigurations = (
				A8C72020203A71BB00A438D8 /* Debug */,
				A8C72021203A71BB00A438D8 /* Release */,
			);
			defaultConfigurationIsVisible = 0;
			defaultConfigurationName = Release;
		};
/* End XCConfigurationList section */
	};
	rootObject = A8C72005203A71BA00A438D8 /* Project object */;
}
